
Microsoft Visual Studio Solution File, Format Version 12.00
# Visual Studio Version 16
VisualStudioVersion = 16.0.29806.167
MinimumVisualStudioVersion = 10.0.40219.1
Project("{FAE04EC0-301F-11D3-BF4B-00C04F79EFBC}") = "CSharpCodeGenerators", "CSharpCodeGenerators\CSharpCodeGenerators.csproj", "{57E2066B-11DA-4DED-8697-726E135D97B4}"
EndProject
Project("{FAE04EC0-301F-11D3-BF4B-00C04F79EFBC}") = "CSharpCodeGenerators.Tests", "CSharpCodeGenerators.Tests\CSharpCodeGenerators.Tests.csproj", "{1FC78AF9-C07E-4D4A-A386-DC4B2290AE4D}"
EndProject
Global
	GlobalSection(SolutionConfigurationPlatforms) = preSolution
		Debug|Any CPU = Debug|Any CPU
		Release|Any CPU = Release|Any CPU
	EndGlobalSection
	GlobalSection(ProjectConfigurationPlatforms) = postSolution
		{57E2066B-11DA-4DED-8697-726E135D97B4}.Debug|Any CPU.ActiveCfg = Debug|Any CPU
		{57E2066B-11DA-4DED-8697-726E135D97B4}.Debug|Any CPU.Build.0 = Debug|Any CPU
		{57E2066B-11DA-4DED-8697-726E135D97B4}.Release|Any CPU.ActiveCfg = Release|Any CPU
		{57E2066B-11DA-4DED-8697-726E135D97B4}.Release|Any CPU.Build.0 = Release|Any CPU
		{1FC78AF9-C07E-4D4A-A386-DC4B2290AE4D}.Debug|Any CPU.ActiveCfg = Debug|Any CPU
		{1FC78AF9-C07E-4D4A-A386-DC4B2290AE4D}.Debug|Any CPU.Build.0 = Debug|Any CPU
		{1FC78AF9-C07E-4D4A-A386-DC4B2290AE4D}.Release|Any CPU.ActiveCfg = Release|Any CPU
		{1FC78AF9-C07E-4D4A-A386-DC4B2290AE4D}.Release|Any CPU.Build.0 = Release|Any CPU
	EndGlobalSection
	GlobalSection(SolutionProperties) = preSolution
		HideSolutionNode = FALSE
	EndGlobalSection
	GlobalSection(ExtensibilityGlobals) = postSolution
		SolutionGuid = {7BD90B24-A5B0-4599-B300-D542A876E2A0}
	EndGlobalSection
EndGlobal
